<?xml version="1.0" encoding="utf-8"?>
<Project ToolsVersion="4.0" xmlns="http://schemas.microsoft.com/developer/msbuild/2003">
  <ItemGroup>
    <Filter Include="Source Files">
      <UniqueIdentifier>{4FC737F1-C7A5-4376-A066-2A32D752A2FF}</UniqueIdentifier>
      <Extensions>cpp;c;cc;cxx;c++;cppm;ixx;def;odl;idl;hpj;bat;asm;asmx</Extensions>
    </Filter>
    <Filter Include="Header Files">
      <UniqueIdentifier>{93995380-89BD-4b04-88EB-625FBE52EBFB}</UniqueIdentifier>
      <Extensions>h;hh;hpp;hxx;h++;hm;inl;inc;ipp;xsd</Extensions>
    </Filter>
    <Filter Include="Resource Files">
      <UniqueIdentifier>{67DA6AB6-F800-4c08-8B7A-83BB121AAD01}</UniqueIdentifier>
      <Extensions>rc;ico;cur;bmp;dlg;rc2;rct;bin;rgs;gif;jpg;jpeg;jpe;resx;tiff;tif;png;wav;mfcribbon-ms</Extensions>
    </Filter>
    <Filter Include="Source Files\04_Algorithms-And-Problem-Solving-Level-1">
      <UniqueIdentifier>{51df226d-b630-44b0-b121-10761b8794b6}</UniqueIdentifier>
    </Filter>
    <Filter Include="Source Files\05_Algorithms-And-Problem-Solving-Level-2">
      <UniqueIdentifier>{ba3f1e8b-717a-4cd9-85bc-1a3bd287331f}</UniqueIdentifier>
    </Filter>
    <Filter Include="Source Files\06_Introduction-To-Programming-Using-Cpp-Level_2">
      <UniqueIdentifier>{606b8d3f-04b8-4cc6-988d-2d53d6e9b8ed}</UniqueIdentifier>
    </Filter>
    <Filter Include="Source Files\03_Introduction-To-Programming-Using-Cpp-Level_1">
      <UniqueIdentifier>{9f11be6b-8995-4ca2-bf64-0e5286aa7091}</UniqueIdentifier>
    </Filter>
  </ItemGroup>
  <ItemGroup>
    <ClCompile Include="04_Algorithms-And-Problem-Solving-Level-1\01_PrintFullName.cpp">
      <Filter>Source Files\04_Algorithms-And-Problem-Solving-Level-1</Filter>
    </ClCompile>
    <ClCompile Include="04_Algorithms-And-Problem-Solving-Level-1\02_ReadAndPrintFullName.cpp">
      <Filter>Source Files\04_Algorithms-And-Problem-Solving-Level-1</Filter>
    </ClCompile>
    <ClCompile Include="04_Algorithms-And-Problem-Solving-Level-1\03_EvenOrOdd.cpp">
      <Filter>Source Files\04_Algorithms-And-Problem-Solving-Level-1</Filter>
    </ClCompile>
    <ClCompile Include="04_Algorithms-And-Problem-Solving-Level-1\04_HireADriver_Case 1.cpp">
      <Filter>Source Files\04_Algorithms-And-Problem-Solving-Level-1</Filter>
    </ClCompile>
    <ClCompile Include="04_Algorithms-And-Problem-Solving-Level-1\05_HireADriver_Case 2.cpp">
      <Filter>Source Files\04_Algorithms-And-Problem-Solving-Level-1</Filter>
    </ClCompile>
    <ClCompile Include="04_Algorithms-And-Problem-Solving-Level-1\06_HalfNumber.cpp">
      <Filter>Source Files\04_Algorithms-And-Problem-Solving-Level-1</Filter>
    </ClCompile>
    <ClCompile Include="04_Algorithms-And-Problem-Solving-Level-1\07_PassOrFail.cpp">
      <Filter>Source Files\04_Algorithms-And-Problem-Solving-Level-1</Filter>
    </ClCompile>
    <ClCompile Include="04_Algorithms-And-Problem-Solving-Level-1\08_SumOf3Number.cpp">
      <Filter>Source Files\04_Algorithms-And-Problem-Solving-Level-1</Filter>
    </ClCompile>
    <ClCompile Include="04_Algorithms-And-Problem-Solving-Level-1\09_AverageOf3Number.cpp">
      <Filter>Source Files\04_Algorithms-And-Problem-Solving-Level-1</Filter>
    </ClCompile>
    <ClCompile Include="04_Algorithms-And-Problem-Solving-Level-1\10_PassOrFailWithAverageOf3Number.cpp">
      <Filter>Source Files\04_Algorithms-And-Problem-Solving-Level-1</Filter>
    </ClCompile>
    <ClCompile Include="04_Algorithms-And-Problem-Solving-Level-1\11_MaxOf2Number.cpp">
      <Filter>Source Files\04_Algorithms-And-Problem-Solving-Level-1</Filter>
    </ClCompile>
    <ClCompile Include="04_Algorithms-And-Problem-Solving-Level-1\12_MaxOf3Number.cpp">
      <Filter>Source Files\04_Algorithms-And-Problem-Solving-Level-1</Filter>
    </ClCompile>
    <ClCompile Include="04_Algorithms-And-Problem-Solving-Level-1\13_SwapNumber.cpp">
      <Filter>Source Files\04_Algorithms-And-Problem-Solving-Level-1</Filter>
    </ClCompile>
    <ClCompile Include="04_Algorithms-And-Problem-Solving-Level-1\15_RectangleAreaThroughDiagonalAndSideArea.cpp">
      <Filter>Source Files\04_Algorithms-And-Problem-Solving-Level-1</Filter>
    </ClCompile>
    <ClCompile Include="04_Algorithms-And-Problem-Solving-Level-1\16_TriangleArea.cpp">
      <Filter>Source Files\04_Algorithms-And-Problem-Solving-Level-1</Filter>
    </ClCompile>
    <ClCompile Include="04_Algorithms-And-Problem-Solving-Level-1\17_CircleArea.cpp">
      <Filter>Source Files\04_Algorithms-And-Problem-Solving-Level-1</Filter>
    </ClCompile>
    <ClCompile Include="04_Algorithms-And-Problem-Solving-Level-1\18_CircleAreaThroughDiameter.cpp">
      <Filter>Source Files\04_Algorithms-And-Problem-Solving-Level-1</Filter>
    </ClCompile>
    <ClCompile Include="04_Algorithms-And-Problem-Solving-Level-1\19_CircleAreaInscribedInASquare.cpp">
      <Filter>Source Files\04_Algorithms-And-Problem-Solving-Level-1</Filter>
    </ClCompile>
    <ClCompile Include="04_Algorithms-And-Problem-Solving-Level-1\20_CircleAreaAlongTheCircumference.cpp">
      <Filter>Source Files\04_Algorithms-And-Problem-Solving-Level-1</Filter>
    </ClCompile>
    <ClCompile Include="04_Algorithms-And-Problem-Solving-Level-1\21_CircleAreaInscribedInAnIsoscelesTriangle.cpp">
      <Filter>Source Files\04_Algorithms-And-Problem-Solving-Level-1</Filter>
    </ClCompile>
    <ClCompile Include="04_Algorithms-And-Problem-Solving-Level-1\22_CircleAreaDescribedAroundAnArbitraryTriangle.cpp">
      <Filter>Source Files\04_Algorithms-And-Problem-Solving-Level-1</Filter>
    </ClCompile>
    <ClCompile Include="04_Algorithms-And-Problem-Solving-Level-1\23_ValidateUntillAgeBetween18And45.cpp">
      <Filter>Source Files\04_Algorithms-And-Problem-Solving-Level-1</Filter>
    </ClCompile>
    <ClCompile Include="04_Algorithms-And-Problem-Solving-Level-1\24_ReadUntillAgeBetween18And45.cpp">
      <Filter>Source Files\04_Algorithms-And-Problem-Solving-Level-1</Filter>
    </ClCompile>
    <ClCompile Include="04_Algorithms-And-Problem-Solving-Level-1\25_PrintNumberFrom1ToN.cpp">
      <Filter>Source Files\04_Algorithms-And-Problem-Solving-Level-1</Filter>
    </ClCompile>
    <ClCompile Include="04_Algorithms-And-Problem-Solving-Level-1\26_PrintNumberFromNTo1.cpp">
      <Filter>Source Files\04_Algorithms-And-Problem-Solving-Level-1</Filter>
    </ClCompile>
    <ClCompile Include="04_Algorithms-And-Problem-Solving-Level-1\27_PrintSumOfOddNumbersFrom1ToN.cpp">
      <Filter>Source Files\04_Algorithms-And-Problem-Solving-Level-1</Filter>
    </ClCompile>
    <ClCompile Include="04_Algorithms-And-Problem-Solving-Level-1\28_PrintSumOfEvenNumbersFrom1ToN.cpp">
      <Filter>Source Files\04_Algorithms-And-Problem-Solving-Level-1</Filter>
    </ClCompile>
    <ClCompile Include="04_Algorithms-And-Problem-Solving-Level-1\29_FactorialOfN.cpp">
      <Filter>Source Files\04_Algorithms-And-Problem-Solving-Level-1</Filter>
    </ClCompile>
    <ClCompile Include="04_Algorithms-And-Problem-Solving-Level-1\30_PowerOfM.cpp">
      <Filter>Source Files\04_Algorithms-And-Problem-Solving-Level-1</Filter>
    </ClCompile>
    <ClCompile Include="04_Algorithms-And-Problem-Solving-Level-1\31_GradeA-B-C-D-E-F.cpp">
      <Filter>Source Files\04_Algorithms-And-Problem-Solving-Level-1</Filter>
    </ClCompile>
    <ClCompile Include="04_Algorithms-And-Problem-Solving-Level-1\32_CommissionPercentage.cpp">
      <Filter>Source Files\04_Algorithms-And-Problem-Solving-Level-1</Filter>
    </ClCompile>
    <ClCompile Include="04_Algorithms-And-Problem-Solving-Level-1\33_PiggyBankCalculator.cpp">
      <Filter>Source Files\04_Algorithms-And-Problem-Solving-Level-1</Filter>
    </ClCompile>
    <ClCompile Include="04_Algorithms-And-Problem-Solving-Level-1\34_SimpleCalculator.cpp">
      <Filter>Source Files\04_Algorithms-And-Problem-Solving-Level-1</Filter>
    </ClCompile>
    <ClCompile Include="04_Algorithms-And-Problem-Solving-Level-1\35_SumUntill-99.cpp">
      <Filter>Source Files\04_Algorithms-And-Problem-Solving-Level-1</Filter>
    </ClCompile>
    <ClCompile Include="04_Algorithms-And-Problem-Solving-Level-1\36_IsPrimeNumber.cpp">
      <Filter>Source Files\04_Algorithms-And-Problem-Solving-Level-1</Filter>
    </ClCompile>
    <ClCompile Include="04_Algorithms-And-Problem-Solving-Level-1\37_PayRemainder.cpp">
      <Filter>Source Files\04_Algorithms-And-Problem-Solving-Level-1</Filter>
    </ClCompile>
    <ClCompile Include="04_Algorithms-And-Problem-Solving-Level-1\38_ServiceFeeAndSalesTax.cpp">
      <Filter>Source Files\04_Algorithms-And-Problem-Solving-Level-1</Filter>
    </ClCompile>
    <ClCompile Include="04_Algorithms-And-Problem-Solving-Level-1\39_WeeksAndDays.cpp">
      <Filter>Source Files\04_Algorithms-And-Problem-Solving-Level-1</Filter>
    </ClCompile>
    <ClCompile Include="04_Algorithms-And-Problem-Solving-Level-1\40_TaskDurationInSeconds.cpp">
      <Filter>Source Files\04_Algorithms-And-Problem-Solving-Level-1</Filter>
    </ClCompile>
    <ClCompile Include="04_Algorithms-And-Problem-Solving-Level-1\41_SecondsToDaysHoursMinutesSeconds.cpp">
      <Filter>Source Files\04_Algorithms-And-Problem-Solving-Level-1</Filter>
    </ClCompile>
    <ClCompile Include="04_Algorithms-And-Problem-Solving-Level-1\42_DayOfWeek.cpp">
      <Filter>Source Files\04_Algorithms-And-Problem-Solving-Level-1</Filter>
    </ClCompile>
    <ClCompile Include="04_Algorithms-And-Problem-Solving-Level-1\43_MonthOfYear.cpp">
      <Filter>Source Files\04_Algorithms-And-Problem-Solving-Level-1</Filter>
    </ClCompile>
    <ClCompile Include="04_Algorithms-And-Problem-Solving-Level-1\44_PrintLettersFromAToZ.cpp">
      <Filter>Source Files\04_Algorithms-And-Problem-Solving-Level-1</Filter>
    </ClCompile>
    <ClCompile Include="04_Algorithms-And-Problem-Solving-Level-1\45_LoanInstalmentMonths.cpp">
      <Filter>Source Files\04_Algorithms-And-Problem-Solving-Level-1</Filter>
    </ClCompile>
    <ClCompile Include="04_Algorithms-And-Problem-Solving-Level-1\14_RectangleArea.cpp">
      <Filter>Source Files\04_Algorithms-And-Problem-Solving-Level-1</Filter>
    </ClCompile>
    <ClCompile Include="04_Algorithms-And-Problem-Solving-Level-1\46_MonthlyLoanInstallment.cpp">
      <Filter>Source Files\04_Algorithms-And-Problem-Solving-Level-1</Filter>
    </ClCompile>
    <ClCompile Include="04_Algorithms-And-Problem-Solving-Level-1\47_AtmPin.cpp">
      <Filter>Source Files\04_Algorithms-And-Problem-Solving-Level-1</Filter>
    </ClCompile>
    <ClCompile Include="04_Algorithms-And-Problem-Solving-Level-1\48_AtmPin3Times.cpp">
      <Filter>Source Files\04_Algorithms-And-Problem-Solving-Level-1</Filter>
    </ClCompile>
    <ClCompile Include="05_Algorithms-And-Problem-Solving-Level-2\01_MultiplicationTable1To10.cpp">
      <Filter>Source Files\05_Algorithms-And-Problem-Solving-Level-2</Filter>
    </ClCompile>
    <ClCompile Include="05_Algorithms-And-Problem-Solving-Level-2\02_PrintAllPrimeNumbersFrom1ToN.cpp">
      <Filter>Source Files\05_Algorithms-And-Problem-Solving-Level-2</Filter>
    </ClCompile>
    <ClCompile Include="05_Algorithms-And-Problem-Solving-Level-2\03_PerfectNumber.cpp">
      <Filter>Source Files\05_Algorithms-And-Problem-Solving-Level-2</Filter>
    </ClCompile>
    <ClCompile Include="05_Algorithms-And-Problem-Solving-Level-2\04_PrintAllPerfectNumbersFrom1ToN.cpp">
      <Filter>Source Files\05_Algorithms-And-Problem-Solving-Level-2</Filter>
    </ClCompile>
    <ClCompile Include="05_Algorithms-And-Problem-Solving-Level-2\05_PrintDigitsInAReversedOrder.cpp">
      <Filter>Source Files\05_Algorithms-And-Problem-Solving-Level-2</Filter>
    </ClCompile>
    <ClCompile Include="05_Algorithms-And-Problem-Solving-Level-2\06_SumOfDigits.cpp">
      <Filter>Source Files\05_Algorithms-And-Problem-Solving-Level-2</Filter>
    </ClCompile>
    <ClCompile Include="05_Algorithms-And-Problem-Solving-Level-2\07_ReverseNumber.cpp">
      <Filter>Source Files\05_Algorithms-And-Problem-Solving-Level-2</Filter>
    </ClCompile>
    <ClCompile Include="05_Algorithms-And-Problem-Solving-Level-2\08_DigitFrequency.cpp">
      <Filter>Source Files\05_Algorithms-And-Problem-Solving-Level-2</Filter>
    </ClCompile>
    <ClCompile Include="05_Algorithms-And-Problem-Solving-Level-2\09_PrintAllDigitsFrequency.cpp">
      <Filter>Source Files\05_Algorithms-And-Problem-Solving-Level-2</Filter>
    </ClCompile>
    <ClCompile Include="05_Algorithms-And-Problem-Solving-Level-2\10_PrintDigitsInOrder.cpp">
      <Filter>Source Files\05_Algorithms-And-Problem-Solving-Level-2</Filter>
    </ClCompile>
    <ClCompile Include="05_Algorithms-And-Problem-Solving-Level-2\11_PalindromeNumber.cpp">
      <Filter>Source Files\05_Algorithms-And-Problem-Solving-Level-2</Filter>
    </ClCompile>
    <ClCompile Include="05_Algorithms-And-Problem-Solving-Level-2\12_InvertedNumberPattern.cpp">
      <Filter>Source Files\05_Algorithms-And-Problem-Solving-Level-2</Filter>
    </ClCompile>
    <ClCompile Include="05_Algorithms-And-Problem-Solving-Level-2\13_NumberPattern.cpp">
      <Filter>Source Files\05_Algorithms-And-Problem-Solving-Level-2</Filter>
    </ClCompile>
    <ClCompile Include="05_Algorithms-And-Problem-Solving-Level-2\14_InvertedLetterPattern.cpp">
      <Filter>Source Files\05_Algorithms-And-Problem-Solving-Level-2</Filter>
    </ClCompile>
    <ClCompile Include="05_Algorithms-And-Problem-Solving-Level-2\15_LetterPattern.cpp">
      <Filter>Source Files\05_Algorithms-And-Problem-Solving-Level-2</Filter>
    </ClCompile>
    <ClCompile Include="05_Algorithms-And-Problem-Solving-Level-2\16_PrintAllWordsFromAAAToZZZ.cpp">
      <Filter>Source Files\05_Algorithms-And-Problem-Solving-Level-2</Filter>
    </ClCompile>
    <ClCompile Include="05_Algorithms-And-Problem-Solving-Level-2\17_Guess3LetterPassword.cpp">
      <Filter>Source Files\05_Algorithms-And-Problem-Solving-Level-2</Filter>
    </ClCompile>
    <ClCompile Include="05_Algorithms-And-Problem-Solving-Level-2\18_EncryptAndDecryptText.cpp">
      <Filter>Source Files\05_Algorithms-And-Problem-Solving-Level-2</Filter>
    </ClCompile>
    <ClCompile Include="05_Algorithms-And-Problem-Solving-Level-2\19_Random3NumberFrom1To10.cpp">
      <Filter>Source Files\05_Algorithms-And-Problem-Solving-Level-2</Filter>
    </ClCompile>
    <ClCompile Include="05_Algorithms-And-Problem-Solving-Level-2\20_RandomCharacter.cpp">
      <Filter>Source Files\05_Algorithms-And-Problem-Solving-Level-2</Filter>
    </ClCompile>
    <ClCompile Include="05_Algorithms-And-Problem-Solving-Level-2\21_GenerateKeys.cpp">
      <Filter>Source Files\05_Algorithms-And-Problem-Solving-Level-2</Filter>
    </ClCompile>
    <ClCompile Include="05_Algorithms-And-Problem-Solving-Level-2\22_RepeatedElementsCountInArray.cpp">
      <Filter>Source Files\05_Algorithms-And-Problem-Solving-Level-2</Filter>
    </ClCompile>
    <ClCompile Include="05_Algorithms-And-Problem-Solving-Level-2\23_FillArrayWithRandomNumbersFrom1To100.cpp">
      <Filter>Source Files\05_Algorithms-And-Problem-Solving-Level-2</Filter>
    </ClCompile>
    <ClCompile Include="05_Algorithms-And-Problem-Solving-Level-2\24_MaxOfRandomArray.cpp">
      <Filter>Source Files\05_Algorithms-And-Problem-Solving-Level-2</Filter>
    </ClCompile>
    <ClCompile Include="05_Algorithms-And-Problem-Solving-Level-2\25_MinOfRandomArray.cpp">
      <Filter>Source Files\05_Algorithms-And-Problem-Solving-Level-2</Filter>
    </ClCompile>
    <ClCompile Include="05_Algorithms-And-Problem-Solving-Level-2\26_SumOfRandomArray.cpp">
      <Filter>Source Files\05_Algorithms-And-Problem-Solving-Level-2</Filter>
    </ClCompile>
    <ClCompile Include="05_Algorithms-And-Problem-Solving-Level-2\27_AverageOfRandomArray.cpp">
      <Filter>Source Files\05_Algorithms-And-Problem-Solving-Level-2</Filter>
    </ClCompile>
    <ClCompile Include="05_Algorithms-And-Problem-Solving-Level-2\28_CopyArray.cpp">
      <Filter>Source Files\05_Algorithms-And-Problem-Solving-Level-2</Filter>
    </ClCompile>
    <ClCompile Include="05_Algorithms-And-Problem-Solving-Level-2\29_CopyArrayOnlyPrimeNumber.cpp">
      <Filter>Source Files\05_Algorithms-And-Problem-Solving-Level-2</Filter>
    </ClCompile>
    <ClCompile Include="05_Algorithms-And-Problem-Solving-Level-2\30_SumOfTwoArrayToAThirdOne.cpp">
      <Filter>Source Files\05_Algorithms-And-Problem-Solving-Level-2</Filter>
    </ClCompile>
    <ClCompile Include="05_Algorithms-And-Problem-Solving-Level-2\31_ShuffleOrderedArray.cpp">
      <Filter>Source Files\05_Algorithms-And-Problem-Solving-Level-2</Filter>
    </ClCompile>
    <ClCompile Include="05_Algorithms-And-Problem-Solving-Level-2\32_CopyArrayInReverseOrder.cpp">
      <Filter>Source Files\05_Algorithms-And-Problem-Solving-Level-2</Filter>
    </ClCompile>
    <ClCompile Include="05_Algorithms-And-Problem-Solving-Level-2\33_FillArrayWithKeys.cpp">
      <Filter>Source Files\05_Algorithms-And-Problem-Solving-Level-2</Filter>
    </ClCompile>
    <ClCompile Include="05_Algorithms-And-Problem-Solving-Level-2\34_ReturnNumberIndexInArray.cpp">
      <Filter>Source Files\05_Algorithms-And-Problem-Solving-Level-2</Filter>
    </ClCompile>
    <ClCompile Include="05_Algorithms-And-Problem-Solving-Level-2\35_CheckNumberInArray.cpp">
      <Filter>Source Files\05_Algorithms-And-Problem-Solving-Level-2</Filter>
    </ClCompile>
    <ClCompile Include="05_Algorithms-And-Problem-Solving-Level-2\36_AddArrayElementSimiDynamic.cpp">
      <Filter>Source Files\05_Algorithms-And-Problem-Solving-Level-2</Filter>
    </ClCompile>
    <ClCompile Include="05_Algorithms-And-Problem-Solving-Level-2\37_ResolveProblem28CopyArrayUsingAddArrayElement.cpp">
      <Filter>Source Files\05_Algorithms-And-Problem-Solving-Level-2</Filter>
    </ClCompile>
    <ClCompile Include="05_Algorithms-And-Problem-Solving-Level-2\38_CopyOddNumbersToANewArray.cpp">
      <Filter>Source Files\05_Algorithms-And-Problem-Solving-Level-2</Filter>
    </ClCompile>
    <ClCompile Include="05_Algorithms-And-Problem-Solving-Level-2\39_CopyPrimeNumbersToANewArray.cpp">
      <Filter>Source Files\05_Algorithms-And-Problem-Solving-Level-2</Filter>
    </ClCompile>
    <ClCompile Include="05_Algorithms-And-Problem-Solving-Level-2\40_CopyDistinctNumbersToArray.cpp">
      <Filter>Source Files\05_Algorithms-And-Problem-Solving-Level-2</Filter>
    </ClCompile>
    <ClCompile Include="05_Algorithms-And-Problem-Solving-Level-2\41_isPalindromArray.cpp">
      <Filter>Source Files\05_Algorithms-And-Problem-Solving-Level-2</Filter>
    </ClCompile>
    <ClCompile Include="05_Algorithms-And-Problem-Solving-Level-2\42_CountOddNumbersInArray.cpp">
      <Filter>Source Files\05_Algorithms-And-Problem-Solving-Level-2</Filter>
    </ClCompile>
    <ClCompile Include="05_Algorithms-And-Problem-Solving-Level-2\43_CountEvenNumbersInArray.cpp">
      <Filter>Source Files\05_Algorithms-And-Problem-Solving-Level-2</Filter>
    </ClCompile>
    <ClCompile Include="05_Algorithms-And-Problem-Solving-Level-2\44_CountPositiveNumbersInArray.cpp">
      <Filter>Source Files\05_Algorithms-And-Problem-Solving-Level-2</Filter>
    </ClCompile>
    <ClCompile Include="05_Algorithms-And-Problem-Solving-Level-2\45_CountNegativeNumbersInArray.cpp">
      <Filter>Source Files\05_Algorithms-And-Problem-Solving-Level-2</Filter>
    </ClCompile>
    <ClCompile Include="05_Algorithms-And-Problem-Solving-Level-2\46_MyABS.cpp">
      <Filter>Source Files\05_Algorithms-And-Problem-Solving-Level-2</Filter>
    </ClCompile>
    <ClCompile Include="05_Algorithms-And-Problem-Solving-Level-2\47_MyRound.cpp">
      <Filter>Source Files\05_Algorithms-And-Problem-Solving-Level-2</Filter>
    </ClCompile>
    <ClCompile Include="05_Algorithms-And-Problem-Solving-Level-2\48_MyFloor.cpp">
      <Filter>Source Files\05_Algorithms-And-Problem-Solving-Level-2</Filter>
    </ClCompile>
    <ClCompile Include="05_Algorithms-And-Problem-Solving-Level-2\49_MyCeil.cpp">
      <Filter>Source Files\05_Algorithms-And-Problem-Solving-Level-2</Filter>
    </ClCompile>
    <ClCompile Include="05_Algorithms-And-Problem-Solving-Level-2\50_MySqrt.cpp">
      <Filter>Source Files\05_Algorithms-And-Problem-Solving-Level-2</Filter>
    </ClCompile>
    <ClCompile Include="05_Algorithms-And-Problem-Solving-Level-2\Project_2.cpp">
      <Filter>Source Files\05_Algorithms-And-Problem-Solving-Level-2</Filter>
    </ClCompile>
    <ClCompile Include="05_Algorithms-And-Problem-Solving-Level-2\Project_1.cpp">
      <Filter>Source Files\05_Algorithms-And-Problem-Solving-Level-2</Filter>
    </ClCompile>
    <ClCompile Include="06_Introduction-To-Programming-Using-Cpp-Level_2\01_Debugging.cpp">
      <Filter>Source Files\06_Introduction-To-Programming-Using-Cpp-Level_2</Filter>
    </ClCompile>
    <ClCompile Include="06_Introduction-To-Programming-Using-Cpp-Level_2\02_Library.cpp">
      <Filter>Source Files\06_Introduction-To-Programming-Using-Cpp-Level_2</Filter>
    </ClCompile>
    <ClCompile Include="06_Introduction-To-Programming-Using-Cpp-Level_2\03_Ternary-Operator.cpp">
      <Filter>Source Files\06_Introduction-To-Programming-Using-Cpp-Level_2</Filter>
    </ClCompile>
    <ClCompile Include="03_Introduction-To-Programming-Using-Cpp-Level_1\00_Operator_Precedence.cpp">
      <Filter>Source Files\03_Introduction-To-Programming-Using-Cpp-Level_1</Filter>
    </ClCompile>
    <ClCompile Include="06_Introduction-To-Programming-Using-Cpp-Level_2\04_Ranged_Loop.cpp">
      <Filter>Source Files\06_Introduction-To-Programming-Using-Cpp-Level_2</Filter>
    </ClCompile>
    <ClCompile Include="06_Introduction-To-Programming-Using-Cpp-Level_2\06_Bitwise_And_Operator.cpp">
      <Filter>Source Files\06_Introduction-To-Programming-Using-Cpp-Level_2</Filter>
    </ClCompile>
    <ClCompile Include="06_Introduction-To-Programming-Using-Cpp-Level_2\05_Validate_Number.cpp">
      <Filter>Source Files\06_Introduction-To-Programming-Using-Cpp-Level_2</Filter>
    </ClCompile>
    <ClCompile Include="06_Introduction-To-Programming-Using-Cpp-Level_2\07_Bitwise_Or_Operator.cpp">
      <Filter>Source Files\06_Introduction-To-Programming-Using-Cpp-Level_2</Filter>
    </ClCompile>
    <ClCompile Include="06_Introduction-To-Programming-Using-Cpp-Level_2\08_Declaration_Vs_Definition.cpp">
      <Filter>Source Files\06_Introduction-To-Programming-Using-Cpp-Level_2</Filter>
    </ClCompile>
    <ClCompile Include="06_Introduction-To-Programming-Using-Cpp-Level_2\09_Default_Parameters.cpp">
      <Filter>Source Files\06_Introduction-To-Programming-Using-Cpp-Level_2</Filter>
    </ClCompile>
    <ClCompile Include="06_Introduction-To-Programming-Using-Cpp-Level_2\10_Function_Overloading.cpp">
      <Filter>Source Files\06_Introduction-To-Programming-Using-Cpp-Level_2</Filter>
    </ClCompile>
    <ClCompile Include="06_Introduction-To-Programming-Using-Cpp-Level_2\11_Call_Stack-Call_Hierarchy.cpp">
      <Filter>Source Files\06_Introduction-To-Programming-Using-Cpp-Level_2</Filter>
    </ClCompile>
    <ClCompile Include="06_Introduction-To-Programming-Using-Cpp-Level_2\12_Recursion.cpp">
      <Filter>Source Files\06_Introduction-To-Programming-Using-Cpp-Level_2</Filter>
    </ClCompile>
    <ClCompile Include="06_Introduction-To-Programming-Using-Cpp-Level_2\14_Automatic_Variables.cpp">
      <Filter>Source Files\06_Introduction-To-Programming-Using-Cpp-Level_2</Filter>
    </ClCompile>
    <ClCompile Include="06_Introduction-To-Programming-Using-Cpp-Level_2\13_Static_Variable.cpp">
      <Filter>Source Files\06_Introduction-To-Programming-Using-Cpp-Level_2</Filter>
    </ClCompile>
    <ClCompile Include="06_Introduction-To-Programming-Using-Cpp-Level_2\15_Printing_And_Formatting.cpp">
      <Filter>Source Files\06_Introduction-To-Programming-Using-Cpp-Level_2</Filter>
    </ClCompile>
    <ClCompile Include="06_Introduction-To-Programming-Using-Cpp-Level_2\16_Two_Dimensional_Array.cpp">
      <Filter>Source Files\06_Introduction-To-Programming-Using-Cpp-Level_2</Filter>
    </ClCompile>
    <ClCompile Include="06_Introduction-To-Programming-Using-Cpp-Level_2\17_Vectors.cpp">
      <Filter>Source Files\06_Introduction-To-Programming-Using-Cpp-Level_2</Filter>
    </ClCompile>
    <ClCompile Include="06_Introduction-To-Programming-Using-Cpp-Level_2\18_References.cpp">
      <Filter>Source Files\06_Introduction-To-Programming-Using-Cpp-Level_2</Filter>
    </ClCompile>
  </ItemGroup>
  <ItemGroup>
    <ClInclude Include="00_MyLibrary\MyInput.h">
      <Filter>Header Files</Filter>
    </ClInclude>
    <ClInclude Include="00_MyLibrary\MyMath.h">
      <Filter>Header Files</Filter>
    </ClInclude>
    <ClInclude Include="00_MyLibrary\MyRandom.h">
      <Filter>Header Files</Filter>
    </ClInclude>
  </ItemGroup>
</Project>